
Microsoft Visual Studio Solution File, Format Version 12.00
# Visual Studio 14
VisualStudioVersion = 14.0.25420.1
MinimumVisualStudioVersion = 10.0.40219.1
Project("{FAE04EC0-301F-11D3-BF4B-00C04F79EFBC}") = "CA_Sample2", "CA_Sample2\CA_Sample2.csproj", "{3759ECF4-72DA-4152-8241-B085B88DA240}"
EndProject
Global
	GlobalSection(SolutionConfigurationPlatforms) = preSolution
		Debug|Any CPU = Debug|Any CPU
		Release|Any CPU = Release|Any CPU
	EndGlobalSection
	GlobalSection(ProjectConfigurationPlatforms) = postSolution
		{3759ECF4-72DA-4152-8241-B085B88DA240}.Debug|Any CPU.ActiveCfg = Debug|Any CPU
		{3759ECF4-72DA-4152-8241-B085B88DA240}.Debug|Any CPU.Build.0 = Debug|Any CPU
		{3759ECF4-72DA-4152-8241-B085B88DA240}.Release|Any CPU.ActiveCfg = Release|Any CPU
		{3759ECF4-72DA-4152-8241-B085B88DA240}.Release|Any CPU.Build.0 = Release|Any CPU
	EndGlobalSection
	GlobalSection(SolutionProperties) = preSolution
		HideSolutionNode = FALSE
	EndGlobalSection
EndGlobal
